<?xml version="1.0" encoding="utf-8"?>
<Project ToolsVersion="4.0" xmlns="http://schemas.microsoft.com/developer/msbuild/2003">
  <ItemGroup>
    <Filter Include="Source Files">
      <UniqueIdentifier>{07b2659a-b1f3-4fc8-9623-ddd4a4aacf48}</UniqueIdentifier>
      <Extensions>cpp;c;cxx;rc;def;r;odl;idl;hpj;bat</Extensions>
    </Filter>
    <Filter Include="Header Files">
      <UniqueIdentifier>{b2c192b3-aaa9-4e9c-bb1f-9b0ba7dcad67}</UniqueIdentifier>
      <Extensions>h;hpp;hxx;hm;inl</Extensions>
    </Filter>
  </ItemGroup>
  <ItemGroup>
    <ClCompile Include="..\src\sac_arbitraryTree.c">
      <Filter>Source Files</Filter>
    </ClCompile>
    <ClCompile Include="..\src\sac_bitdec.c">
      <Filter>Source Files</Filter>
    </ClCompile>
    <ClCompile Include="..\src\sac_bitinput.c">
      <Filter>Source Files</Filter>
    </ClCompile>
    <ClCompile Include="..\src\sac_blind.c">
      <Filter>Source Files</Filter>
    </ClCompile>
    <ClCompile Include="..\src\sac_calcM1andM2.c">
      <Filter>Source Files</Filter>
    </ClCompile>
    <ClCompile Include="..\src\sac_config.c">
      <Filter>Source Files</Filter>
    </ClCompile>
    <ClCompile Include="..\src\sac_dec.c">
      <Filter>Source Files</Filter>
    </ClCompile>
    <ClCompile Include="..\src\sac_decor.c">
      <Filter>Source Files</Filter>
    </ClCompile>
    <ClCompile Include="..\src\sac_hrtf.c">
      <Filter>Source Files</Filter>
    </ClCompile>
    <ClCompile Include="..\src\sac_hrtffilter.c">
      <Filter>Source Files</Filter>
    </ClCompile>
    <ClCompile Include="..\src\sac_hybfilter.c">
      <Filter>Source Files</Filter>
    </ClCompile>
    <ClCompile Include="..\src\sac_ipd_dec.c">
      <Filter>Source Files</Filter>
    </ClCompile>
    <ClCompile Include="..\src\sac_mdct2qmf.c">
      <Filter>Source Files</Filter>
    </ClCompile>
    <ClCompile Include="..\src\sac_mdct2qmf_wf_tables.c">
      <Filter>Source Files</Filter>
    </ClCompile>
    <ClCompile Include="..\src\sac_nlc_dec.c">
      <Filter>Source Files</Filter>
    </ClCompile>
    <ClCompile Include="..\src\sac_nodes_cld.c">
      <Filter>Source Files</Filter>
    </ClCompile>
    <ClCompile Include="..\src\sac_nodes_cpc.c">
      <Filter>Source Files</Filter>
    </ClCompile>
    <ClCompile Include="..\src\sac_nodes_icc.c">
      <Filter>Source Files</Filter>
    </ClCompile>
    <ClCompile Include="..\src\sac_nodes_ipd.c">
      <Filter>Source Files</Filter>
    </ClCompile>
    <ClCompile Include="..\src\sac_nodes_pt0.c">
      <Filter>Source Files</Filter>
    </ClCompile>
    <ClCompile Include="..\src\sac_nodes_reshape.c">
      <Filter>Source Files</Filter>
    </ClCompile>
    <ClCompile Include="..\src\sac_parallelReverb.c">
      <Filter>Source Files</Filter>
    </ClCompile>
    <ClCompile Include="..\src\sac_partiallyComplex.c">
      <Filter>Source Files</Filter>
    </ClCompile>
    <ClCompile Include="..\src\sac_polyphase.c">
      <Filter>Source Files</Filter>
    </ClCompile>
    <ClCompile Include="..\src\sac_process.c">
      <Filter>Source Files</Filter>
    </ClCompile>
    <ClCompile Include="..\src\sac_resdecode.c">
      <Filter>Source Files</Filter>
    </ClCompile>
    <ClCompile Include="..\src\sac_reshapeBBEnv.c">
      <Filter>Source Files</Filter>
    </ClCompile>
    <ClCompile Include="..\src\sac_reshuffdec1.c">
      <Filter>Source Files</Filter>
    </ClCompile>
    <ClCompile Include="..\src\sac_reshuffdec2.c">
      <Filter>Source Files</Filter>
    </ClCompile>
    <ClCompile Include="..\src\sac_reshuffdec3.c">
      <Filter>Source Files</Filter>
    </ClCompile>
    <ClCompile Include="..\src\sac_reshuffinit.c">
      <Filter>Source Files</Filter>
    </ClCompile>
    <ClCompile Include="..\src\sac_reshufftables.c">
      <Filter>Source Files</Filter>
    </ClCompile>
    <ClCompile Include="..\src\sac_resintrins.c">
      <Filter>Source Files</Filter>
    </ClCompile>
    <ClCompile Include="..\src\sac_restns.c">
      <Filter>Source Files</Filter>
    </ClCompile>
    <ClCompile Include="..\src\sac_smoothing.c">
      <Filter>Source Files</Filter>
    </ClCompile>
    <ClCompile Include="..\src\sac_tonality.c">
      <Filter>Source Files</Filter>
    </ClCompile>
    <ClCompile Include="..\src\sac_TPprocess.c">
      <Filter>Source Files</Filter>
    </ClCompile>
  </ItemGroup>
  <ItemGroup>
    <ClInclude Include="..\..\import\AFsp\include\libtsp.h">
      <Filter>Header Files</Filter>
    </ClInclude>
    <ClInclude Include="..\src\sac_bitdec.h">
      <Filter>Header Files</Filter>
    </ClInclude>
    <ClInclude Include="..\src\sac_bitinput.h">
      <Filter>Header Files</Filter>
    </ClInclude>
    <ClInclude Include="..\src\sac_blind.h">
      <Filter>Header Files</Filter>
    </ClInclude>
    <ClInclude Include="..\src\sac_calcM1andM2.h">
      <Filter>Header Files</Filter>
    </ClInclude>
    <ClInclude Include="..\src\sac_chandefs.h">
      <Filter>Header Files</Filter>
    </ClInclude>
    <ClInclude Include="..\src\sac_config.h">
      <Filter>Header Files</Filter>
    </ClInclude>
    <ClInclude Include="..\src\sac_dec.h">
      <Filter>Header Files</Filter>
    </ClInclude>
    <ClInclude Include="..\include\sac_dec_interface.h">
      <Filter>Header Files</Filter>
    </ClInclude>
    <ClInclude Include="..\src\sac_decor.h">
      <Filter>Header Files</Filter>
    </ClInclude>
    <ClInclude Include="..\src\sac_hrtf.h">
      <Filter>Header Files</Filter>
    </ClInclude>
    <ClInclude Include="..\src\sac_huff_nodes.h">
      <Filter>Header Files</Filter>
    </ClInclude>
    <ClInclude Include="..\src\sac_hybfilter.h">
      <Filter>Header Files</Filter>
    </ClInclude>
    <ClInclude Include="..\src\sac_interface.h">
      <Filter>Header Files</Filter>
    </ClInclude>
    <ClInclude Include="..\src\sac_ipd_dec.h">
      <Filter>Header Files</Filter>
    </ClInclude>
    <ClInclude Include="..\src\sac_mdct2qmf.h">
      <Filter>Header Files</Filter>
    </ClInclude>
    <ClInclude Include="..\src\sac_mdct2qmf_wf_tables.h">
      <Filter>Header Files</Filter>
    </ClInclude>
    <ClInclude Include="..\src\sac_nlc_dec.h">
      <Filter>Header Files</Filter>
    </ClInclude>
    <ClInclude Include="..\src\sac_parallelReverb.h">
      <Filter>Header Files</Filter>
    </ClInclude>
    <ClInclude Include="..\src\sac_polyphase.h">
      <Filter>Header Files</Filter>
    </ClInclude>
    <ClInclude Include="..\src\sac_process.h">
      <Filter>Header Files</Filter>
    </ClInclude>
    <ClInclude Include="..\src\sac_resdecode.h">
      <Filter>Header Files</Filter>
    </ClInclude>
    <ClInclude Include="..\src\sac_resdefs.h">
      <Filter>Header Files</Filter>
    </ClInclude>
    <ClInclude Include="..\src\sac_reshapeBBEnv.h">
      <Filter>Header Files</Filter>
    </ClInclude>
    <ClInclude Include="..\src\sac_reshuffdec.h">
      <Filter>Header Files</Filter>
    </ClInclude>
    <ClInclude Include="..\src\sac_reshuffdec_intern.h">
      <Filter>Header Files</Filter>
    </ClInclude>
    <ClInclude Include="..\src\sac_reshuffinit.h">
      <Filter>Header Files</Filter>
    </ClInclude>
    <ClInclude Include="..\src\sac_reshufftables.h">
      <Filter>Header Files</Filter>
    </ClInclude>
    <ClInclude Include="..\src\sac_resintrins.h">
      <Filter>Header Files</Filter>
    </ClInclude>
    <ClInclude Include="..\src\sac_restns.h">
      <Filter>Header Files</Filter>
    </ClInclude>
    <ClInclude Include="..\src\sac_sbrconst.h">
      <Filter>Header Files</Filter>
    </ClInclude>
    <ClInclude Include="..\src\sac_smoothing.h">
      <Filter>Header Files</Filter>
    </ClInclude>
    <ClInclude Include="..\src\sac_tonality.h">
      <Filter>Header Files</Filter>
    </ClInclude>
    <ClInclude Include="..\src\sac_TPprocess.h">
      <Filter>Header Files</Filter>
    </ClInclude>
    <ClInclude Include="..\src\sac_types.h">
      <Filter>Header Files</Filter>
    </ClInclude>
  </ItemGroup>
</Project>