<?xml version="1.0" encoding="utf-8"?>
<Project ToolsVersion="4.0" xmlns="http://schemas.microsoft.com/developer/msbuild/2003">
  <ItemGroup>
    <Filter Include="Header files">
      <UniqueIdentifier>{414db2c8-3473-4136-9288-425b09361c4c}</UniqueIdentifier>
    </Filter>
    <Filter Include="Documentation">
      <UniqueIdentifier>{7706b1c4-edf1-4697-b52b-272c86a832cf}</UniqueIdentifier>
    </Filter>
    <Filter Include="Source Files">
      <UniqueIdentifier>{370bd359-fe0a-4c04-8c31-b162bdc883a4}</UniqueIdentifier>
    </Filter>
  </ItemGroup>
  <ItemGroup>
    <Text Include="..\..\readme.txt">
      <Filter>Documentation</Filter>
    </Text>
  </ItemGroup>
  <ItemGroup>
    <ClCompile Include="..\src\audiofile_io.c">
      <Filter>Source Files</Filter>
    </ClCompile>
    <ClCompile Include="..\src\cepstrum_analysis.c">
      <Filter>Source Files</Filter>
    </ClCompile>
    <ClCompile Include="..\src\mpeg4conf.c">
      <Filter>Source Files</Filter>
    </ClCompile>
    <ClCompile Include="..\src\pns.c">
      <Filter>Source Files</Filter>
    </ClCompile>
    <ClCompile Include="..\src\ssnrcd.c">
      <Filter>Source Files</Filter>
    </ClCompile>
    <ClCompile Include="..\src\transfo.c">
      <Filter>Source Files</Filter>
    </ClCompile>
  </ItemGroup>
  <ItemGroup>
    <ClInclude Include="..\src\audiofile_io.h">
      <Filter>Header files</Filter>
    </ClInclude>
    <ClInclude Include="..\src\cepstrum_analysis.h">
      <Filter>Header files</Filter>
    </ClInclude>
    <ClInclude Include="..\src\common.h">
      <Filter>Header files</Filter>
    </ClInclude>
    <ClInclude Include="..\src\pns.h">
      <Filter>Header files</Filter>
    </ClInclude>
    <ClInclude Include="..\src\pns_common.h">
      <Filter>Header files</Filter>
    </ClInclude>
    <ClInclude Include="..\src\ssnrcd.h">
      <Filter>Header files</Filter>
    </ClInclude>
    <ClInclude Include="..\src\tables.h">
      <Filter>Header files</Filter>
    </ClInclude>
    <ClInclude Include="..\src\transfo.h">
      <Filter>Header files</Filter>
    </ClInclude>
    <ClInclude Include="..\src\common_structs.h">
      <Filter>Header files</Filter>
    </ClInclude>
  </ItemGroup>
</Project>