<?xml version="1.0" encoding="utf-8"?>
<Project ToolsVersion="4.0" xmlns="http://schemas.microsoft.com/developer/msbuild/2003">
  <ItemGroup>
    <Filter Include="Source Files">
      <UniqueIdentifier>{405ad989-2fdc-4e20-8a43-6fa011103159}</UniqueIdentifier>
      <Extensions>cpp;c;cxx;rc;def;r;odl;idl;hpj;bat</Extensions>
    </Filter>
    <Filter Include="Header Files">
      <UniqueIdentifier>{eaf5e49f-4e40-4e7e-8200-80164314157a}</UniqueIdentifier>
      <Extensions>h;hpp;hxx;hm;inl</Extensions>
    </Filter>
  </ItemGroup>
  <ItemGroup>
    <ClCompile Include="..\src\bitstream.c">
      <Filter>Source Files</Filter>
    </ClCompile>
    <ClCompile Include="..\src\sac_bd_embedder.c">
      <Filter>Source Files</Filter>
    </ClCompile>
    <ClCompile Include="..\src\sac_enc.c">
      <Filter>Source Files</Filter>
    </ClCompile>
    <ClCompile Include="..\src\sac_huff_cld.c">
      <Filter>Source Files</Filter>
    </ClCompile>
    <ClCompile Include="..\src\sac_huff_cpc.c">
      <Filter>Source Files</Filter>
    </ClCompile>
    <ClCompile Include="..\src\sac_huff_icc.c">
      <Filter>Source Files</Filter>
    </ClCompile>
    <ClCompile Include="..\src\sac_huff_ipd.c">
      <Filter>Source Files</Filter>
    </ClCompile>
    <ClCompile Include="..\src\sac_hybfilter.c">
      <Filter>Source Files</Filter>
    </ClCompile>
    <ClCompile Include="..\src\sac_ipd.c">
      <Filter>Source Files</Filter>
    </ClCompile>
    <ClCompile Include="..\src\sac_nlc_enc.c">
      <Filter>Source Files</Filter>
    </ClCompile>
    <ClCompile Include="..\src\sac_polyphase.c">
      <Filter>Source Files</Filter>
    </ClCompile>
    <ClCompile Include="..\src\sac_stream.c">
      <Filter>Source Files</Filter>
    </ClCompile>
  </ItemGroup>
  <ItemGroup>
    <ClInclude Include="..\src\defines.h">
      <Filter>Header Files</Filter>
    </ClInclude>
    <ClInclude Include="..\src\sac_bd_embedder.h">
      <Filter>Header Files</Filter>
    </ClInclude>
    <ClInclude Include="..\src\sac_bitstream_enc.h">
      <Filter>Header Files</Filter>
    </ClInclude>
    <ClInclude Include="..\include\sac_enc.h">
      <Filter>Header Files</Filter>
    </ClInclude>
    <ClInclude Include="..\src\sac_huff_tab.h">
      <Filter>Header Files</Filter>
    </ClInclude>
    <ClInclude Include="..\src\sac_hybfilter_enc.h">
      <Filter>Header Files</Filter>
    </ClInclude>
    <ClInclude Include="..\src\sac_nlc_enc.h">
      <Filter>Header Files</Filter>
    </ClInclude>
    <ClInclude Include="..\src\sac_polyphase_enc.h">
      <Filter>Header Files</Filter>
    </ClInclude>
    <ClInclude Include="..\src\sac_stream_enc.h">
      <Filter>Header Files</Filter>
    </ClInclude>
  </ItemGroup>
</Project>