<?xml version="1.0" encoding="utf-8"?>
<Project ToolsVersion="4.0" xmlns="http://schemas.microsoft.com/developer/msbuild/2003">
  <ItemGroup>
    <Filter Include="Source Files">
      <UniqueIdentifier>{43b886ce-426a-40c3-95f5-1ec11fc06a49}</UniqueIdentifier>
      <Extensions>cpp;c;cxx;rc;def;r;odl;idl;hpj;bat</Extensions>
    </Filter>
    <Filter Include="Header Files">
      <UniqueIdentifier>{30e4f988-cb51-4a3e-b153-ea4ac4fc87cf}</UniqueIdentifier>
      <Extensions>h;hpp;hxx;hm;inl</Extensions>
    </Filter>
  </ItemGroup>
  <ItemGroup>
    <ClCompile Include="..\..\src_usac\d_gain2p.c">
      <Filter>Source Files</Filter>
    </ClCompile>
    <ClCompile Include="..\..\src_usac\dec_ace_fac.c">
      <Filter>Source Files</Filter>
    </ClCompile>
    <ClCompile Include="..\..\src_usac\dec_acelp.c">
      <Filter>Source Files</Filter>
    </ClCompile>
    <ClCompile Include="..\..\src_usac\dec_fd_fac.c">
      <Filter>Source Files</Filter>
    </ClCompile>
    <ClCompile Include="..\..\src_usac\dec_LPD.c">
      <Filter>Source Files</Filter>
    </ClCompile>
    <ClCompile Include="..\..\src_usac\dec_tcx_fac.c">
      <Filter>Source Files</Filter>
    </ClCompile>
    <ClCompile Include="..\..\src_usac\dec_usac.c">
      <Filter>Source Files</Filter>
    </ClCompile>
    <ClCompile Include="..\..\src_usac\decode_chan_ele.c">
      <Filter>Source Files</Filter>
    </ClCompile>
    <ClCompile Include="..\..\src_usac\decoder_usac.c">
      <Filter>Source Files</Filter>
    </ClCompile>
    <ClCompile Include="..\..\src_usac\dlpc_avq.c">
      <Filter>Source Files</Filter>
    </ClCompile>
    <ClCompile Include="..\..\src_usac\enc_gain.c">
      <Filter>Source Files</Filter>
    </ClCompile>
    <ClCompile Include="..\..\src_usac\enc_rom.c">
      <Filter>Source Files</Filter>
    </ClCompile>
    <ClCompile Include="..\..\src_usac\enc_util.c">
      <Filter>Source Files</Filter>
    </ClCompile>
    <ClCompile Include="..\..\src_usac\get_gain.c">
      <Filter>Source Files</Filter>
    </ClCompile>
    <ClCompile Include="..\..\src_usac\harmsbrMathlib.c">
      <Filter>Source Files</Filter>
    </ClCompile>
    <ClCompile Include="..\..\src_usac\harmsbrPhasevoc.c">
      <Filter>Source Files</Filter>
    </ClCompile>
    <ClCompile Include="..\..\src_usac\harmsbrQmftrans.c">
      <Filter>Source Files</Filter>
    </ClCompile>
    <ClCompile Include="..\..\src_usac\harmsbrWingen.c">
      <Filter>Source Files</Filter>
    </ClCompile>
    <ClCompile Include="..\..\src_usac\hp50.c">
      <Filter>Source Files</Filter>
    </ClCompile>
    <ClCompile Include="..\..\src_usac\int_lpc.c">
      <Filter>Source Files</Filter>
    </ClCompile>
    <ClCompile Include="..\..\src_usac\LPD_fac.c">
      <Filter>Source Files</Filter>
    </ClCompile>
    <ClCompile Include="..\..\src_usac\lsf_tab.c">
      <Filter>Source Files</Filter>
    </ClCompile>
    <ClCompile Include="..\..\src_usac\pit_fr4.c">
      <Filter>Source Files</Filter>
    </ClCompile>
    <ClCompile Include="..\..\src_usac\re8_dec.c">
      <Filter>Source Files</Filter>
    </ClCompile>
    <ClCompile Include="..\..\src_usac\re8_dic.c">
      <Filter>Source Files</Filter>
    </ClCompile>
    <ClCompile Include="..\..\src_usac\re8_ppv.c">
      <Filter>Source Files</Filter>
    </ClCompile>
    <ClCompile Include="..\..\src_usac\re8_vor.c">
      <Filter>Source Files</Filter>
    </ClCompile>
    <ClCompile Include="..\..\src_usac\savq_dec.c">
      <Filter>Source Files</Filter>
    </ClCompile>
    <ClCompile Include="..\..\src_usac\spatial_bitstreamreader_buffer.c">
      <Filter>Source Files</Filter>
    </ClCompile>
    <ClCompile Include="..\..\src_usac\tables_plus.c">
      <Filter>Source Files</Filter>
    </ClCompile>
    <ClCompile Include="..\..\src_usac\usac_arith_dec.c">
      <Filter>Source Files</Filter>
    </ClCompile>
    <ClCompile Include="..\..\src_usac_enc\usac_bits.c">
      <Filter>Source Files</Filter>
    </ClCompile>
    <ClCompile Include="..\..\src_usac\usac_calcWindow.c">
      <Filter>Source Files</Filter>
    </ClCompile>
    <ClCompile Include="..\..\src_usac\usac_cfftn.c">
      <Filter>Source Files</Filter>
    </ClCompile>
    <ClCompile Include="..\..\src_usac\usac_cplx_pred.c">
      <Filter>Source Files</Filter>
    </ClCompile>
    <ClCompile Include="..\..\src_usac\usac_decdata.c">
      <Filter>Source Files</Filter>
    </ClCompile>
    <ClCompile Include="..\..\src_usac\usac_enc_lpc.c">
      <Filter>Source Files</Filter>
    </ClCompile>
    <ClCompile Include="..\..\src_usac\usac_fd_dec.c">
      <Filter>Source Files</Filter>
    </ClCompile>
    <ClCompile Include="..\..\src_usac\usac_imdct.c">
      <Filter>Source Files</Filter>
    </ClCompile>
    <ClCompile Include="..\..\src_usac\usac_tcx_mdct.c">
      <Filter>Source Files</Filter>
    </ClCompile>
    <ClCompile Include="..\..\src_usac\usac_td_dec.c">
      <Filter>Source Files</Filter>
    </ClCompile>
    <ClCompile Include="..\..\src_usac\usac_tns.c">
      <Filter>Source Files</Filter>
    </ClCompile>
    <ClCompile Include="..\..\src_usac\usac_toolsdec3.c">
      <Filter>Source Files</Filter>
    </ClCompile>
    <ClCompile Include="..\..\src_usac\usac_toolsinit.c">
      <Filter>Source Files</Filter>
    </ClCompile>
    <ClCompile Include="..\..\src_usac\usac_transfo.c">
      <Filter>Source Files</Filter>
    </ClCompile>
    <ClCompile Include="..\..\src_usac\usac_tw_tools.c">
      <Filter>Source Files</Filter>
    </ClCompile>
    <ClCompile Include="..\..\src_usac\usac_windows.c">
      <Filter>Source Files</Filter>
    </ClCompile>
    <ClCompile Include="..\..\src_usac\util_td.c">
      <Filter>Source Files</Filter>
    </ClCompile>
    <ClCompile Include="..\..\src_usac\vlpc_1st_dec.c">
      <Filter>Source Files</Filter>
    </ClCompile>
    <ClCompile Include="..\..\src_usac\vlpc_1st_dic.c">
      <Filter>Source Files</Filter>
    </ClCompile>
    <ClCompile Include="..\..\src_usac\vlpc_2st_dec.c">
      <Filter>Source Files</Filter>
    </ClCompile>
  </ItemGroup>
  <ItemGroup>
    <ClInclude Include="..\..\src_usac\harmsbrMathlib.h">
      <Filter>Source Files</Filter>
    </ClInclude>
    <ClInclude Include="..\..\src_usac\harmsbrPhasevoc.h">
      <Filter>Source Files</Filter>
    </ClInclude>
    <ClInclude Include="..\..\src_usac\harmsbrQmftrans.h">
      <Filter>Source Files</Filter>
    </ClInclude>
    <ClInclude Include="..\..\src_usac\harmsbrWingen.h">
      <Filter>Source Files</Filter>
    </ClInclude>
  </ItemGroup>
</Project>