<?xml version="1.0" encoding="utf-8"?>
<Project ToolsVersion="4.0" xmlns="http://schemas.microsoft.com/developer/msbuild/2003">
  <ItemGroup>
    <Filter Include="Source Files">
      <UniqueIdentifier>{e4319223-f99e-4092-b387-1841340c3835}</UniqueIdentifier>
    </Filter>
  </ItemGroup>
  <ItemGroup>
    <ClCompile Include="..\..\src_tf\bitfct.c">
      <Filter>Source Files</Filter>
    </ClCompile>
    <ClCompile Include="..\..\src_tf\buffers.c">
      <Filter>Source Files</Filter>
    </ClCompile>
    <ClCompile Include="..\..\src_tf\concealment_dummy.c">
      <Filter>Source Files</Filter>
    </ClCompile>
    <ClCompile Include="..\..\src_tf\config.c">
      <Filter>Source Files</Filter>
    </ClCompile>
    <ClCompile Include="..\..\src_tf\coupling.c">
      <Filter>Source Files</Filter>
    </ClCompile>
    <ClCompile Include="..\..\src_tf\decdata.c">
      <Filter>Source Files</Filter>
    </ClCompile>
    <ClCompile Include="..\..\src_tf\decoder_tf.c">
      <Filter>Source Files</Filter>
    </ClCompile>
    <ClCompile Include="..\..\src_tf\escapeScfResil.c">
      <Filter>Source Files</Filter>
    </ClCompile>
    <ClCompile Include="..\..\src_tf\huffdec1.c">
      <Filter>Source Files</Filter>
    </ClCompile>
    <ClCompile Include="..\..\src_tf\huffdec2.c">
      <Filter>Source Files</Filter>
    </ClCompile>
    <ClCompile Include="..\..\src_tf\huffdec3.c">
      <Filter>Source Files</Filter>
    </ClCompile>
    <ClCompile Include="..\..\src_tf\huffinit.c">
      <Filter>Source Files</Filter>
    </ClCompile>
    <ClCompile Include="..\..\src_tf\huffscfresil.c">
      <Filter>Source Files</Filter>
    </ClCompile>
    <ClCompile Include="..\..\src_tf\hufftables.c">
      <Filter>Source Files</Filter>
    </ClCompile>
    <ClCompile Include="..\..\src_tf\imdct.c">
      <Filter>Source Files</Filter>
    </ClCompile>
    <ClCompile Include="..\..\src_tf\intensity.c">
      <Filter>Source Files</Filter>
    </ClCompile>
    <ClCompile Include="..\..\src_tf\intrins.c">
      <Filter>Source Files</Filter>
    </ClCompile>
    <ClCompile Include="..\..\src_tf\monopred.c">
      <Filter>Source Files</Filter>
    </ClCompile>
    <ClCompile Include="..\..\src_tf\nok_lt_prediction.c">
      <Filter>Source Files</Filter>
    </ClCompile>
    <ClCompile Include="..\..\src_tf\pns.c">
      <Filter>Source Files</Filter>
    </ClCompile>
    <ClCompile Include="..\..\src_tf\reorderspec.c">
      <Filter>Source Files</Filter>
    </ClCompile>
    <ClCompile Include="..\..\src_tf\rvlcScfConceal_dummy.c">
      <Filter>Source Files</Filter>
    </ClCompile>
    <ClCompile Include="..\..\src_tf\rvlcscfresil.c">
      <Filter>Source Files</Filter>
    </ClCompile>
    <ClCompile Include="..\..\src_tf\statistics_aac_dummy.c">
      <Filter>Source Files</Filter>
    </ClCompile>
    <ClCompile Include="..\..\src_tf\stereo.c">
      <Filter>Source Files</Filter>
    </ClCompile>
    <ClCompile Include="..\..\src_tf\tns.c">
      <Filter>Source Files</Filter>
    </ClCompile>
    <ClCompile Include="..\..\src_tf\tns2.c">
      <Filter>Source Files</Filter>
    </ClCompile>
    <ClCompile Include="..\..\src_tf\transfo.c">
      <Filter>Source Files</Filter>
    </ClCompile>
    <ClCompile Include="..\..\src_tf\util.c">
      <Filter>Source Files</Filter>
    </ClCompile>
  </ItemGroup>
</Project>