<?xml version="1.0" encoding="utf-8"?>
<Project ToolsVersion="4.0" xmlns="http://schemas.microsoft.com/developer/msbuild/2003">
  <ItemGroup>
    <Filter Include="Source Files">
      <UniqueIdentifier>{61b1eba0-e94c-4f5b-9d1c-65dc771de168}</UniqueIdentifier>
    </Filter>
  </ItemGroup>
  <ItemGroup>
    <ClCompile Include="..\..\src_tf\son_gc_common.c">
      <Filter>Source Files</Filter>
    </ClCompile>
    <ClCompile Include="..\..\src_tf\son_gc_compensate.c">
      <Filter>Source Files</Filter>
    </ClCompile>
    <ClCompile Include="..\..\src_tf\son_gc_etc.c">
      <Filter>Source Files</Filter>
    </ClCompile>
    <ClCompile Include="..\..\src_tf\son_gc_unpack.c">
      <Filter>Source Files</Filter>
    </ClCompile>
    <ClCompile Include="..\..\src_tf\son_ipqf.c">
      <Filter>Source Files</Filter>
    </ClCompile>
    <ClCompile Include="..\..\src_tf\son_pqf_common.c">
      <Filter>Source Files</Filter>
    </ClCompile>
  </ItemGroup>
</Project>