<?xml version="1.0" encoding="utf-8"?>
<Project ToolsVersion="4.0" xmlns="http://schemas.microsoft.com/developer/msbuild/2003">
  <ItemGroup>
    <Filter Include="Source Files">
      <UniqueIdentifier>{fee645f1-875d-4b12-95a0-a7c4c369e8d5}</UniqueIdentifier>
      <Extensions>cpp;c;cxx;rc;def;r;odl;hpj;bat;for;f90</Extensions>
    </Filter>
  </ItemGroup>
  <ItemGroup>
    <ClCompile Include="..\..\src_lpc\att_abs_postp.c">
      <Filter>Source Files</Filter>
    </ClCompile>
    <ClCompile Include="..\..\src_lpc\att_bwx.c">
      <Filter>Source Files</Filter>
    </ClCompile>
    <ClCompile Include="..\..\src_lpc\att_firfilt.c">
      <Filter>Source Files</Filter>
    </ClCompile>
    <ClCompile Include="..\..\src_lpc\att_iirfilt.c">
      <Filter>Source Files</Filter>
    </ClCompile>
    <ClCompile Include="..\..\src_lpc\att_lsf2pc.c">
      <Filter>Source Files</Filter>
    </ClCompile>
    <ClCompile Include="..\..\src_lpc\att_pc2lsf.c">
      <Filter>Source Files</Filter>
    </ClCompile>
    <ClCompile Include="..\..\src_lpc\att_testbound.c">
      <Filter>Source Files</Filter>
    </ClCompile>
    <ClCompile Include="..\..\src_lpc\celp_bitstream_demux.c">
      <Filter>Source Files</Filter>
    </ClCompile>
    <ClCompile Include="..\..\src_lpc\celp_decoder.c">
      <Filter>Source Files</Filter>
    </ClCompile>
    <ClCompile Include="..\..\src_lpc\dec_lpc.c">
      <Filter>Source Files</Filter>
    </ClCompile>
    <ClCompile Include="..\..\src_lpc\nb_celp_dec.c">
      <Filter>Source Files</Filter>
    </ClCompile>
    <ClCompile Include="..\..\src_lpc\nec_abs_exc_generation.c">
      <Filter>Source Files</Filter>
    </ClCompile>
    <ClCompile Include="..\..\src_lpc\nec_bws_acb_dec.c">
      <Filter>Source Files</Filter>
    </ClCompile>
    <ClCompile Include="..\..\src_lpc\nec_bws_exc_generation.c">
      <Filter>Source Files</Filter>
    </ClCompile>
    <ClCompile Include="..\..\src_lpc\nec_bws_gain_dec.c">
      <Filter>Source Files</Filter>
    </ClCompile>
    <ClCompile Include="..\..\src_lpc\nec_bws_module.c">
      <Filter>Source Files</Filter>
    </ClCompile>
    <ClCompile Include="..\..\src_lpc\nec_bws_mp_dec.c">
      <Filter>Source Files</Filter>
    </ClCompile>
    <ClCompile Include="..\..\src_lpc\nec_bws_qlsp_dec.c">
      <Filter>Source Files</Filter>
    </ClCompile>
    <ClCompile Include="..\..\src_lpc\nec_bws_qrms_dec.c">
      <Filter>Source Files</Filter>
    </ClCompile>
    <ClCompile Include="..\..\src_lpc\nec_cng_dec.c">
      <Filter>Source Files</Filter>
    </ClCompile>
    <ClCompile Include="..\..\src_lpc\nec_cng_lspvq.c">
      <Filter>Source Files</Filter>
    </ClCompile>
    <ClCompile Include="..\..\src_lpc\nec_cng_module.c">
      <Filter>Source Files</Filter>
    </ClCompile>
    <ClCompile Include="..\..\src_lpc\nec_enh_gain_dec.c">
      <Filter>Source Files</Filter>
    </ClCompile>
    <ClCompile Include="..\..\src_lpc\nec_enh_mp_dec.c">
      <Filter>Source Files</Filter>
    </ClCompile>
    <ClCompile Include="..\..\src_lpc\nec_exc_acb_dec.c">
      <Filter>Source Files</Filter>
    </ClCompile>
    <ClCompile Include="..\..\src_lpc\nec_exc_gain_dec.c">
      <Filter>Source Files</Filter>
    </ClCompile>
    <ClCompile Include="..\..\src_lpc\nec_exc_module.c">
      <Filter>Source Files</Filter>
    </ClCompile>
    <ClCompile Include="..\..\src_lpc\nec_exc_mp_config.c">
      <Filter>Source Files</Filter>
    </ClCompile>
    <ClCompile Include="..\..\src_lpc\nec_exc_mp_dec.c">
      <Filter>Source Files</Filter>
    </ClCompile>
    <ClCompile Include="..\..\src_lpc\nec_qrms_dec.c">
      <Filter>Source Files</Filter>
    </ClCompile>
    <ClCompile Include="..\..\src_lpc\nec_vad.c">
      <Filter>Source Files</Filter>
    </ClCompile>
    <ClCompile Include="..\..\src_lpc\pan_lsp_intp.c">
      <Filter>Source Files</Filter>
    </ClCompile>
    <ClCompile Include="..\..\src_lpc\pan_lspdec.c">
      <Filter>Source Files</Filter>
    </ClCompile>
    <ClCompile Include="..\..\src_lpc\pan_lspqtz2_dd.c">
      <Filter>Source Files</Filter>
    </ClCompile>
    <ClCompile Include="..\..\src_lpc\pan_mv_data.c">
      <Filter>Source Files</Filter>
    </ClCompile>
    <ClCompile Include="..\..\src_lpc\pan_sort.c">
      <Filter>Source Files</Filter>
    </ClCompile>
    <ClCompile Include="..\..\src_lpc\pan_stab.c">
      <Filter>Source Files</Filter>
    </ClCompile>
    <ClCompile Include="..\..\src_lpc\phi_fbit.c">
      <Filter>Source Files</Filter>
    </ClCompile>
    <ClCompile Include="..\..\src_lpc\phi_gxit.c">
      <Filter>Source Files</Filter>
    </ClCompile>
    <ClCompile Include="..\..\src_lpc\phi_lpc.c">
      <Filter>Source Files</Filter>
    </ClCompile>
    <ClCompile Include="..\..\src_lpc\phi_lsfr.c">
      <Filter>Source Files</Filter>
    </ClCompile>
    <ClCompile Include="..\..\src_lpc\phi_post.c">
      <Filter>Source Files</Filter>
    </ClCompile>
    <ClCompile Include="..\..\src_lpc\phi_priv.c">
      <Filter>Source Files</Filter>
    </ClCompile>
    <ClCompile Include="..\..\src_lpc\phi_xits.c">
      <Filter>Source Files</Filter>
    </ClCompile>
  </ItemGroup>
</Project>