
Microsoft Visual Studio Solution File, Format Version 10.00
# Visual Studio 2008
Project("{8BC9CEB8-8B4A-11D0-8D11-00A0C91BC942}") = "objs_aac_dec", "objs_aac_dec.vcproj", "{B2FDD20F-1384-4E52-BFB8-72DFBBADFCD1}"
EndProject
Project("{8BC9CEB8-8B4A-11D0-8D11-00A0C91BC942}") = "objs_bsac_dec", "objs_bsac_dec.vcproj", "{DA9BD4E7-7CBD-4D9F-9994-8395C9F0C2DA}"
EndProject
Project("{8BC9CEB8-8B4A-11D0-8D11-00A0C91BC942}") = "objs_com", "objs_com.vcproj", "{94D96D63-18EF-4B0F-85FE-59FC041131D7}"
EndProject
Project("{8BC9CEB8-8B4A-11D0-8D11-00A0C91BC942}") = "objs_dec_lpc", "objs_dec_lpc.vcproj", "{4154C197-A234-4D97-AA11-9B1A8F4FA2FD}"
EndProject
Project("{8BC9CEB8-8B4A-11D0-8D11-00A0C91BC942}") = "objs_dec_par", "objs_dec_par.vcproj", "{15778FC2-A834-4DD0-B155-983DBC1E7763}"
EndProject
Project("{8BC9CEB8-8B4A-11D0-8D11-00A0C91BC942}") = "objs_dec_ssc", "objs_dec_ssc.vcproj", "{9F780000-C78F-4FE9-BA90-29B6426A1039}"
EndProject
Project("{8BC9CEB8-8B4A-11D0-8D11-00A0C91BC942}") = "objs_dec_tf", "objs_dec_tf.vcproj", "{9E31551D-1A11-4446-A091-1566E2C65140}"
EndProject
Project("{8BC9CEB8-8B4A-11D0-8D11-00A0C91BC942}") = "objs_dec_usac", "objs_dec_usac.vcproj", "{B9DCA727-C1C0-4131-A62D-16E427BC3C64}"
EndProject
Project("{8BC9CEB8-8B4A-11D0-8D11-00A0C91BC942}") = "objs_etc", "objs_etc.vcproj", "{F50717C4-7198-400C-B6F6-60A8F650AA0B}"
EndProject
Project("{8BC9CEB8-8B4A-11D0-8D11-00A0C91BC942}") = "objs_sls", "objs_sls.vcproj", "{2CAA2434-2076-4293-B9E9-B4F0259911A0}"
EndProject
Project("{8BC9CEB8-8B4A-11D0-8D11-00A0C91BC942}") = "objs_son_aacpp_dec", "objs_son_aacpp_dec.vcproj", "{41AB8310-1F42-4D4E-BF5A-3529B7F33183}"
EndProject
Project("{8BC9CEB8-8B4A-11D0-8D11-00A0C91BC942}") = "objs_streamfile", "objs_streamfile.vcproj", "{166F688B-0B55-485D-AFB2-22CFE8A28089}"
EndProject
Project("{8BC9CEB8-8B4A-11D0-8D11-00A0C91BC942}") = "objs_vq_dec", "objs_vq_dec.vcproj", "{2A8F7376-B6B0-45D4-8637-75C107E86FBC}"
EndProject
Project("{8BC9CEB8-8B4A-11D0-8D11-00A0C91BC942}") = "spatiallib", "..\..\..\mp4spatialdec\win32\spatiallib.vcproj", "{98F2BD55-1AC1-4F90-93BE-69BF1C498D82}"
EndProject
Project("{8BC9CEB8-8B4A-11D0-8D11-00A0C91BC942}") = "usacDec", "usacDec.vcproj", "{3D832973-0B5B-4D9A-865A-4D7555FEF359}"
	ProjectSection(ProjectDependencies) = postProject
		{9F780000-C78F-4FE9-BA90-29B6426A1039} = {9F780000-C78F-4FE9-BA90-29B6426A1039}
		{B2FDD20F-1384-4E52-BFB8-72DFBBADFCD1} = {B2FDD20F-1384-4E52-BFB8-72DFBBADFCD1}
		{41AB8310-1F42-4D4E-BF5A-3529B7F33183} = {41AB8310-1F42-4D4E-BF5A-3529B7F33183}
		{9E31551D-1A11-4446-A091-1566E2C65140} = {9E31551D-1A11-4446-A091-1566E2C65140}
		{B9DCA727-C1C0-4131-A62D-16E427BC3C64} = {B9DCA727-C1C0-4131-A62D-16E427BC3C64}
		{2CAA2434-2076-4293-B9E9-B4F0259911A0} = {2CAA2434-2076-4293-B9E9-B4F0259911A0}
		{98F2BD55-1AC1-4F90-93BE-69BF1C498D82} = {98F2BD55-1AC1-4F90-93BE-69BF1C498D82}
		{94D96D63-18EF-4B0F-85FE-59FC041131D7} = {94D96D63-18EF-4B0F-85FE-59FC041131D7}
		{28F7076E-930E-11E3-AB6A-003048FFD893} = {28F7076E-930E-11E3-AB6A-003048FFD893}
		{2A8F7376-B6B0-45D4-8637-75C107E86FBC} = {2A8F7376-B6B0-45D4-8637-75C107E86FBC}
		{166F688B-0B55-485D-AFB2-22CFE8A28089} = {166F688B-0B55-485D-AFB2-22CFE8A28089}
		{4154C197-A234-4D97-AA11-9B1A8F4FA2FD} = {4154C197-A234-4D97-AA11-9B1A8F4FA2FD}
		{0B82EFC1-5F6B-4D0B-AE18-EC03A20695A7} = {0B82EFC1-5F6B-4D0B-AE18-EC03A20695A7}
		{15778FC2-A834-4DD0-B155-983DBC1E7763} = {15778FC2-A834-4DD0-B155-983DBC1E7763}
		{F50717C4-7198-400C-B6F6-60A8F650AA0B} = {F50717C4-7198-400C-B6F6-60A8F650AA0B}
		{DA9BD4E7-7CBD-4D9F-9994-8395C9F0C2DA} = {DA9BD4E7-7CBD-4D9F-9994-8395C9F0C2DA}
	EndProjectSection
EndProject
Project("{8BC9CEB8-8B4A-11D0-8D11-00A0C91BC942}") = "libisomedia", "..\..\..\..\tools\IsoLib\libisomediafile\w32\libisomediafile\VS2008\libisomedia.vcproj", "{28F7076E-930E-11E3-AB6A-003048FFD893}"
EndProject
Project("{8BC9CEB8-8B4A-11D0-8D11-00A0C91BC942}") = "libeptool", "..\..\..\epTool\win32\libeptool.vcproj", "{0B82EFC1-5F6B-4D0B-AE18-EC03A20695A7}"
EndProject
Global
	GlobalSection(SolutionConfigurationPlatforms) = preSolution
		Debug|Win32 = Debug|Win32
		Debug|x64 = Debug|x64
		Release|Win32 = Release|Win32
		Release|x64 = Release|x64
	EndGlobalSection
	GlobalSection(ProjectConfigurationPlatforms) = postSolution
		{B2FDD20F-1384-4E52-BFB8-72DFBBADFCD1}.Debug|Win32.ActiveCfg = Debug|Win32
		{B2FDD20F-1384-4E52-BFB8-72DFBBADFCD1}.Debug|Win32.Build.0 = Debug|Win32
		{B2FDD20F-1384-4E52-BFB8-72DFBBADFCD1}.Debug|x64.ActiveCfg = Debug|x64
		{B2FDD20F-1384-4E52-BFB8-72DFBBADFCD1}.Debug|x64.Build.0 = Debug|x64
		{B2FDD20F-1384-4E52-BFB8-72DFBBADFCD1}.Release|Win32.ActiveCfg = Release|Win32
		{B2FDD20F-1384-4E52-BFB8-72DFBBADFCD1}.Release|Win32.Build.0 = Release|Win32
		{B2FDD20F-1384-4E52-BFB8-72DFBBADFCD1}.Release|x64.ActiveCfg = Release|x64
		{B2FDD20F-1384-4E52-BFB8-72DFBBADFCD1}.Release|x64.Build.0 = Release|x64
		{DA9BD4E7-7CBD-4D9F-9994-8395C9F0C2DA}.Debug|Win32.ActiveCfg = Debug|Win32
		{DA9BD4E7-7CBD-4D9F-9994-8395C9F0C2DA}.Debug|Win32.Build.0 = Debug|Win32
		{DA9BD4E7-7CBD-4D9F-9994-8395C9F0C2DA}.Debug|x64.ActiveCfg = Debug|x64
		{DA9BD4E7-7CBD-4D9F-9994-8395C9F0C2DA}.Debug|x64.Build.0 = Debug|x64
		{DA9BD4E7-7CBD-4D9F-9994-8395C9F0C2DA}.Release|Win32.ActiveCfg = Release|Win32
		{DA9BD4E7-7CBD-4D9F-9994-8395C9F0C2DA}.Release|Win32.Build.0 = Release|Win32
		{DA9BD4E7-7CBD-4D9F-9994-8395C9F0C2DA}.Release|x64.ActiveCfg = Release|x64
		{DA9BD4E7-7CBD-4D9F-9994-8395C9F0C2DA}.Release|x64.Build.0 = Release|x64
		{94D96D63-18EF-4B0F-85FE-59FC041131D7}.Debug|Win32.ActiveCfg = Debug|Win32
		{94D96D63-18EF-4B0F-85FE-59FC041131D7}.Debug|Win32.Build.0 = Debug|Win32
		{94D96D63-18EF-4B0F-85FE-59FC041131D7}.Debug|x64.ActiveCfg = Debug|x64
		{94D96D63-18EF-4B0F-85FE-59FC041131D7}.Debug|x64.Build.0 = Debug|x64
		{94D96D63-18EF-4B0F-85FE-59FC041131D7}.Release|Win32.ActiveCfg = Release|Win32
		{94D96D63-18EF-4B0F-85FE-59FC041131D7}.Release|Win32.Build.0 = Release|Win32
		{94D96D63-18EF-4B0F-85FE-59FC041131D7}.Release|x64.ActiveCfg = Release|x64
		{94D96D63-18EF-4B0F-85FE-59FC041131D7}.Release|x64.Build.0 = Release|x64
		{4154C197-A234-4D97-AA11-9B1A8F4FA2FD}.Debug|Win32.ActiveCfg = Debug|Win32
		{4154C197-A234-4D97-AA11-9B1A8F4FA2FD}.Debug|Win32.Build.0 = Debug|Win32
		{4154C197-A234-4D97-AA11-9B1A8F4FA2FD}.Debug|x64.ActiveCfg = Debug|x64
		{4154C197-A234-4D97-AA11-9B1A8F4FA2FD}.Debug|x64.Build.0 = Debug|x64
		{4154C197-A234-4D97-AA11-9B1A8F4FA2FD}.Release|Win32.ActiveCfg = Release|Win32
		{4154C197-A234-4D97-AA11-9B1A8F4FA2FD}.Release|Win32.Build.0 = Release|Win32
		{4154C197-A234-4D97-AA11-9B1A8F4FA2FD}.Release|x64.ActiveCfg = Release|x64
		{4154C197-A234-4D97-AA11-9B1A8F4FA2FD}.Release|x64.Build.0 = Release|x64
		{15778FC2-A834-4DD0-B155-983DBC1E7763}.Debug|Win32.ActiveCfg = Debug|Win32
		{15778FC2-A834-4DD0-B155-983DBC1E7763}.Debug|Win32.Build.0 = Debug|Win32
		{15778FC2-A834-4DD0-B155-983DBC1E7763}.Debug|x64.ActiveCfg = Debug|x64
		{15778FC2-A834-4DD0-B155-983DBC1E7763}.Debug|x64.Build.0 = Debug|x64
		{15778FC2-A834-4DD0-B155-983DBC1E7763}.Release|Win32.ActiveCfg = Release|Win32
		{15778FC2-A834-4DD0-B155-983DBC1E7763}.Release|Win32.Build.0 = Release|Win32
		{15778FC2-A834-4DD0-B155-983DBC1E7763}.Release|x64.ActiveCfg = Release|x64
		{15778FC2-A834-4DD0-B155-983DBC1E7763}.Release|x64.Build.0 = Release|x64
		{9F780000-C78F-4FE9-BA90-29B6426A1039}.Debug|Win32.ActiveCfg = Debug|Win32
		{9F780000-C78F-4FE9-BA90-29B6426A1039}.Debug|Win32.Build.0 = Debug|Win32
		{9F780000-C78F-4FE9-BA90-29B6426A1039}.Debug|x64.ActiveCfg = Debug|x64
		{9F780000-C78F-4FE9-BA90-29B6426A1039}.Debug|x64.Build.0 = Debug|x64
		{9F780000-C78F-4FE9-BA90-29B6426A1039}.Release|Win32.ActiveCfg = Release|Win32
		{9F780000-C78F-4FE9-BA90-29B6426A1039}.Release|Win32.Build.0 = Release|Win32
		{9F780000-C78F-4FE9-BA90-29B6426A1039}.Release|x64.ActiveCfg = Release|x64
		{9F780000-C78F-4FE9-BA90-29B6426A1039}.Release|x64.Build.0 = Release|x64
		{9E31551D-1A11-4446-A091-1566E2C65140}.Debug|Win32.ActiveCfg = Debug|Win32
		{9E31551D-1A11-4446-A091-1566E2C65140}.Debug|Win32.Build.0 = Debug|Win32
		{9E31551D-1A11-4446-A091-1566E2C65140}.Debug|x64.ActiveCfg = Debug|x64
		{9E31551D-1A11-4446-A091-1566E2C65140}.Debug|x64.Build.0 = Debug|x64
		{9E31551D-1A11-4446-A091-1566E2C65140}.Release|Win32.ActiveCfg = Release|Win32
		{9E31551D-1A11-4446-A091-1566E2C65140}.Release|Win32.Build.0 = Release|Win32
		{9E31551D-1A11-4446-A091-1566E2C65140}.Release|x64.ActiveCfg = Release|x64
		{9E31551D-1A11-4446-A091-1566E2C65140}.Release|x64.Build.0 = Release|x64
		{B9DCA727-C1C0-4131-A62D-16E427BC3C64}.Debug|Win32.ActiveCfg = Debug|Win32
		{B9DCA727-C1C0-4131-A62D-16E427BC3C64}.Debug|Win32.Build.0 = Debug|Win32
		{B9DCA727-C1C0-4131-A62D-16E427BC3C64}.Debug|x64.ActiveCfg = Debug|x64
		{B9DCA727-C1C0-4131-A62D-16E427BC3C64}.Debug|x64.Build.0 = Debug|x64
		{B9DCA727-C1C0-4131-A62D-16E427BC3C64}.Release|Win32.ActiveCfg = Release|Win32
		{B9DCA727-C1C0-4131-A62D-16E427BC3C64}.Release|Win32.Build.0 = Release|Win32
		{B9DCA727-C1C0-4131-A62D-16E427BC3C64}.Release|x64.ActiveCfg = Release|x64
		{B9DCA727-C1C0-4131-A62D-16E427BC3C64}.Release|x64.Build.0 = Release|x64
		{F50717C4-7198-400C-B6F6-60A8F650AA0B}.Debug|Win32.ActiveCfg = Debug|Win32
		{F50717C4-7198-400C-B6F6-60A8F650AA0B}.Debug|Win32.Build.0 = Debug|Win32
		{F50717C4-7198-400C-B6F6-60A8F650AA0B}.Debug|x64.ActiveCfg = Debug|x64
		{F50717C4-7198-400C-B6F6-60A8F650AA0B}.Debug|x64.Build.0 = Debug|x64
		{F50717C4-7198-400C-B6F6-60A8F650AA0B}.Release|Win32.ActiveCfg = Release|Win32
		{F50717C4-7198-400C-B6F6-60A8F650AA0B}.Release|Win32.Build.0 = Release|Win32
		{F50717C4-7198-400C-B6F6-60A8F650AA0B}.Release|x64.ActiveCfg = Release|x64
		{F50717C4-7198-400C-B6F6-60A8F650AA0B}.Release|x64.Build.0 = Release|x64
		{2CAA2434-2076-4293-B9E9-B4F0259911A0}.Debug|Win32.ActiveCfg = Debug|Win32
		{2CAA2434-2076-4293-B9E9-B4F0259911A0}.Debug|Win32.Build.0 = Debug|Win32
		{2CAA2434-2076-4293-B9E9-B4F0259911A0}.Debug|x64.ActiveCfg = Debug|x64
		{2CAA2434-2076-4293-B9E9-B4F0259911A0}.Debug|x64.Build.0 = Debug|x64
		{2CAA2434-2076-4293-B9E9-B4F0259911A0}.Release|Win32.ActiveCfg = Release|Win32
		{2CAA2434-2076-4293-B9E9-B4F0259911A0}.Release|Win32.Build.0 = Release|Win32
		{2CAA2434-2076-4293-B9E9-B4F0259911A0}.Release|x64.ActiveCfg = Release|x64
		{2CAA2434-2076-4293-B9E9-B4F0259911A0}.Release|x64.Build.0 = Release|x64
		{41AB8310-1F42-4D4E-BF5A-3529B7F33183}.Debug|Win32.ActiveCfg = Debug|Win32
		{41AB8310-1F42-4D4E-BF5A-3529B7F33183}.Debug|Win32.Build.0 = Debug|Win32
		{41AB8310-1F42-4D4E-BF5A-3529B7F33183}.Debug|x64.ActiveCfg = Debug|x64
		{41AB8310-1F42-4D4E-BF5A-3529B7F33183}.Debug|x64.Build.0 = Debug|x64
		{41AB8310-1F42-4D4E-BF5A-3529B7F33183}.Release|Win32.ActiveCfg = Release|Win32
		{41AB8310-1F42-4D4E-BF5A-3529B7F33183}.Release|Win32.Build.0 = Release|Win32
		{41AB8310-1F42-4D4E-BF5A-3529B7F33183}.Release|x64.ActiveCfg = Release|x64
		{41AB8310-1F42-4D4E-BF5A-3529B7F33183}.Release|x64.Build.0 = Release|x64
		{166F688B-0B55-485D-AFB2-22CFE8A28089}.Debug|Win32.ActiveCfg = Debug|Win32
		{166F688B-0B55-485D-AFB2-22CFE8A28089}.Debug|Win32.Build.0 = Debug|Win32
		{166F688B-0B55-485D-AFB2-22CFE8A28089}.Debug|x64.ActiveCfg = Debug|x64
		{166F688B-0B55-485D-AFB2-22CFE8A28089}.Debug|x64.Build.0 = Debug|x64
		{166F688B-0B55-485D-AFB2-22CFE8A28089}.Release|Win32.ActiveCfg = Release|Win32
		{166F688B-0B55-485D-AFB2-22CFE8A28089}.Release|Win32.Build.0 = Release|Win32
		{166F688B-0B55-485D-AFB2-22CFE8A28089}.Release|x64.ActiveCfg = Release|x64
		{166F688B-0B55-485D-AFB2-22CFE8A28089}.Release|x64.Build.0 = Release|x64
		{2A8F7376-B6B0-45D4-8637-75C107E86FBC}.Debug|Win32.ActiveCfg = Debug|Win32
		{2A8F7376-B6B0-45D4-8637-75C107E86FBC}.Debug|Win32.Build.0 = Debug|Win32
		{2A8F7376-B6B0-45D4-8637-75C107E86FBC}.Debug|x64.ActiveCfg = Debug|x64
		{2A8F7376-B6B0-45D4-8637-75C107E86FBC}.Debug|x64.Build.0 = Debug|x64
		{2A8F7376-B6B0-45D4-8637-75C107E86FBC}.Release|Win32.ActiveCfg = Release|Win32
		{2A8F7376-B6B0-45D4-8637-75C107E86FBC}.Release|Win32.Build.0 = Release|Win32
		{2A8F7376-B6B0-45D4-8637-75C107E86FBC}.Release|x64.ActiveCfg = Release|x64
		{2A8F7376-B6B0-45D4-8637-75C107E86FBC}.Release|x64.Build.0 = Release|x64
		{98F2BD55-1AC1-4F90-93BE-69BF1C498D82}.Debug|Win32.ActiveCfg = Debug|Win32
		{98F2BD55-1AC1-4F90-93BE-69BF1C498D82}.Debug|Win32.Build.0 = Debug|Win32
		{98F2BD55-1AC1-4F90-93BE-69BF1C498D82}.Debug|x64.ActiveCfg = Debug|x64
		{98F2BD55-1AC1-4F90-93BE-69BF1C498D82}.Debug|x64.Build.0 = Debug|x64
		{98F2BD55-1AC1-4F90-93BE-69BF1C498D82}.Release|Win32.ActiveCfg = Release|Win32
		{98F2BD55-1AC1-4F90-93BE-69BF1C498D82}.Release|Win32.Build.0 = Release|Win32
		{98F2BD55-1AC1-4F90-93BE-69BF1C498D82}.Release|x64.ActiveCfg = Release|x64
		{98F2BD55-1AC1-4F90-93BE-69BF1C498D82}.Release|x64.Build.0 = Release|x64
		{3D832973-0B5B-4D9A-865A-4D7555FEF359}.Debug|Win32.ActiveCfg = Debug|Win32
		{3D832973-0B5B-4D9A-865A-4D7555FEF359}.Debug|Win32.Build.0 = Debug|Win32
		{3D832973-0B5B-4D9A-865A-4D7555FEF359}.Debug|x64.ActiveCfg = Debug|x64
		{3D832973-0B5B-4D9A-865A-4D7555FEF359}.Debug|x64.Build.0 = Debug|x64
		{3D832973-0B5B-4D9A-865A-4D7555FEF359}.Release|Win32.ActiveCfg = Release|Win32
		{3D832973-0B5B-4D9A-865A-4D7555FEF359}.Release|Win32.Build.0 = Release|Win32
		{3D832973-0B5B-4D9A-865A-4D7555FEF359}.Release|x64.ActiveCfg = Release|x64
		{3D832973-0B5B-4D9A-865A-4D7555FEF359}.Release|x64.Build.0 = Release|x64
		{28F7076E-930E-11E3-AB6A-003048FFD893}.Debug|Win32.ActiveCfg = Debug|Win32
		{28F7076E-930E-11E3-AB6A-003048FFD893}.Debug|Win32.Build.0 = Debug|Win32
		{28F7076E-930E-11E3-AB6A-003048FFD893}.Debug|x64.ActiveCfg = Debug|x64
		{28F7076E-930E-11E3-AB6A-003048FFD893}.Debug|x64.Build.0 = Debug|x64
		{28F7076E-930E-11E3-AB6A-003048FFD893}.Release|Win32.ActiveCfg = Release|Win32
		{28F7076E-930E-11E3-AB6A-003048FFD893}.Release|Win32.Build.0 = Release|Win32
		{28F7076E-930E-11E3-AB6A-003048FFD893}.Release|x64.ActiveCfg = Release|x64
		{28F7076E-930E-11E3-AB6A-003048FFD893}.Release|x64.Build.0 = Release|x64
		{0B82EFC1-5F6B-4D0B-AE18-EC03A20695A7}.Debug|Win32.ActiveCfg = Debug|Win32
		{0B82EFC1-5F6B-4D0B-AE18-EC03A20695A7}.Debug|Win32.Build.0 = Debug|Win32
		{0B82EFC1-5F6B-4D0B-AE18-EC03A20695A7}.Debug|x64.ActiveCfg = Debug|x64
		{0B82EFC1-5F6B-4D0B-AE18-EC03A20695A7}.Debug|x64.Build.0 = Debug|x64
		{0B82EFC1-5F6B-4D0B-AE18-EC03A20695A7}.Release|Win32.ActiveCfg = Release|Win32
		{0B82EFC1-5F6B-4D0B-AE18-EC03A20695A7}.Release|Win32.Build.0 = Release|Win32
		{0B82EFC1-5F6B-4D0B-AE18-EC03A20695A7}.Release|x64.ActiveCfg = Release|x64
		{0B82EFC1-5F6B-4D0B-AE18-EC03A20695A7}.Release|x64.Build.0 = Release|x64
	EndGlobalSection
	GlobalSection(SolutionProperties) = preSolution
		HideSolutionNode = FALSE
	EndGlobalSection
EndGlobal
